// !$*UTF8*$!
{
	archiveVersion = 1;
	classes = {
	};
	objectVersion = 55;
	objects = {

/* Begin PBXBuildFile section */
		2A0C753828DF3CAC00341121 /* AppDelegate.swift in Sources */ = {isa = PBXBuildFile; fileRef = 2A0C753728DF3CAC00341121 /* AppDelegate.swift */; };
		2A0C753A28DF3CAC00341121 /* SceneDelegate.swift in Sources */ = {isa = PBXBuildFile; fileRef = 2A0C753928DF3CAC00341121 /* SceneDelegate.swift */; };
		2A0C753F28DF3CAC00341121 /* Main.storyboard in Resources */ = {isa = PBXBuildFile; fileRef = 2A0C753D28DF3CAC00341121 /* Main.storyboard */; };
		2A0C754128DF3CAD00341121 /* Assets.xcassets in Resources */ = {isa = PBXBuildFile; fileRef = 2A0C754028DF3CAD00341121 /* Assets.xcassets */; };
		2A0C754428DF3CAD00341121 /* LaunchScreen.storyboard in Resources */ = {isa = PBXBuildFile; fileRef = 2A0C754228DF3CAD00341121 /* LaunchScreen.storyboard */; };
		2A0C755028DF3DBE00341121 /* NetworkManager.swift in Sources */ = {isa = PBXBuildFile; fileRef = 2A0C754F28DF3DBE00341121 /* NetworkManager.swift */; };
		2A0C755228DF3DC900341121 /* NetworkHelper.swift in Sources */ = {isa = PBXBuildFile; fileRef = 2A0C755128DF3DC900341121 /* NetworkHelper.swift */; };
		2A0C755528DF3E4A00341121 /* UIViewController + Ext.swift in Sources */ = {isa = PBXBuildFile; fileRef = 2A0C755428DF3E4A00341121 /* UIViewController + Ext.swift */; };
		2A35654328E22650003AE759 /* SearchModel.swift in Sources */ = {isa = PBXBuildFile; fileRef = 2A35654228E22650003AE759 /* SearchModel.swift */; };
		2A3F0B4428DF402E00947EE0 /* HomePageController.swift in Sources */ = {isa = PBXBuildFile; fileRef = 2A3F0B4328DF402E00947EE0 /* HomePageController.swift */; };
		2A3F0B4628DF409600947EE0 /* HomePageManager.swift in Sources */ = {isa = PBXBuildFile; fileRef = 2A3F0B4528DF409600947EE0 /* HomePageManager.swift */; };
		2A3F0B4828DF412A00947EE0 /* Model.swift in Sources */ = {isa = PBXBuildFile; fileRef = 2A3F0B4728DF412A00947EE0 /* Model.swift */; };
		2A3F0B5128DF49A600947EE0 /* MoviesCell.swift in Sources */ = {isa = PBXBuildFile; fileRef = 2A3F0B4F28DF49A600947EE0 /* MoviesCell.swift */; };
		2A3F0B5228DF49A600947EE0 /* MoviesCell.xib in Resources */ = {isa = PBXBuildFile; fileRef = 2A3F0B5028DF49A600947EE0 /* MoviesCell.xib */; };
		2A3F0B5528DF4B7100947EE0 /* HeaderCollectionReusableView.swift in Sources */ = {isa = PBXBuildFile; fileRef = 2A3F0B5328DF4B7100947EE0 /* HeaderCollectionReusableView.swift */; };
		2A3F0B5628DF4B7100947EE0 /* HeaderCollectionReusableView.xib in Resources */ = {isa = PBXBuildFile; fileRef = 2A3F0B5428DF4B7100947EE0 /* HeaderCollectionReusableView.xib */; };
		2A8588D228E2163B0055708A /* SearchViewModel.swift in Sources */ = {isa = PBXBuildFile; fileRef = 2A8588D128E2163B0055708A /* SearchViewModel.swift */; };
		2AADE3BC28E0270000EAE4C5 /* HomePageViewModel.swift in Sources */ = {isa = PBXBuildFile; fileRef = 2AADE3BB28E0270000EAE4C5 /* HomePageViewModel.swift */; };
		2AADE3EA28E1E86900EAE4C5 /* SearchViewCell.swift in Sources */ = {isa = PBXBuildFile; fileRef = 2AADE3E828E1E86900EAE4C5 /* SearchViewCell.swift */; };
		2AADE3EB28E1E86900EAE4C5 /* SearchViewCell.xib in Resources */ = {isa = PBXBuildFile; fileRef = 2AADE3E928E1E86900EAE4C5 /* SearchViewCell.xib */; };
		2AADE3ED28E20F7B00EAE4C5 /* SearchManager.swift in Sources */ = {isa = PBXBuildFile; fileRef = 2AADE3EC28E20F7B00EAE4C5 /* SearchManager.swift */; };
		2AADE3EF28E2141D00EAE4C5 /* SearchController.swift in Sources */ = {isa = PBXBuildFile; fileRef = 2AADE3EE28E2141D00EAE4C5 /* SearchController.swift */; };
		2AC4B07228E5BA3A00CB9F4F /* WatchListController.swift in Sources */ = {isa = PBXBuildFile; fileRef = 2AC4B07128E5BA3A00CB9F4F /* WatchListController.swift */; };
		2AC4B07428E8307E00CB9F4F /* GenresModel.swift in Sources */ = {isa = PBXBuildFile; fileRef = 2AC4B07328E8307E00CB9F4F /* GenresModel.swift */; };
		2AC4B07D28E8901E00CB9F4F /* DetailsController.swift in Sources */ = {isa = PBXBuildFile; fileRef = 2AC4B07C28E8901E00CB9F4F /* DetailsController.swift */; };
		2AC4B08128E890AC00CB9F4F /* DetailHeaderCollectionReusableView.swift in Sources */ = {isa = PBXBuildFile; fileRef = 2AC4B07F28E890AC00CB9F4F /* DetailHeaderCollectionReusableView.swift */; };
		2AC4B08228E890AC00CB9F4F /* DetailHeaderCollectionReusableView.xib in Resources */ = {isa = PBXBuildFile; fileRef = 2AC4B08028E890AC00CB9F4F /* DetailHeaderCollectionReusableView.xib */; };
		2AC4B08528E96B2F00CB9F4F /* CastCell.swift in Sources */ = {isa = PBXBuildFile; fileRef = 2AC4B08328E96B2F00CB9F4F /* CastCell.swift */; };
		2AC4B08628E96B2F00CB9F4F /* CastCell.xib in Resources */ = {isa = PBXBuildFile; fileRef = 2AC4B08428E96B2F00CB9F4F /* CastCell.xib */; };
		2AC4B08D28E9738800CB9F4F /* CastCollectionViewCell.swift in Sources */ = {isa = PBXBuildFile; fileRef = 2AC4B08B28E9738800CB9F4F /* CastCollectionViewCell.swift */; };
		2AC4B08E28E9738800CB9F4F /* CastCollectionViewCell.xib in Resources */ = {isa = PBXBuildFile; fileRef = 2AC4B08C28E9738800CB9F4F /* CastCollectionViewCell.xib */; };
		2AC4B09528E9747900CB9F4F /* GenresCell.swift in Sources */ = {isa = PBXBuildFile; fileRef = 2AC4B09328E9747900CB9F4F /* GenresCell.swift */; };
		2AC4B09628E9747900CB9F4F /* GenresCell.xib in Resources */ = {isa = PBXBuildFile; fileRef = 2AC4B09428E9747900CB9F4F /* GenresCell.xib */; };
		2AC4B09828E9775800CB9F4F /* DetailManager.swift in Sources */ = {isa = PBXBuildFile; fileRef = 2AC4B09728E9775800CB9F4F /* DetailManager.swift */; };
		2AC4B09A28E97A7800CB9F4F /* DetailModel.swift in Sources */ = {isa = PBXBuildFile; fileRef = 2AC4B09928E97A7800CB9F4F /* DetailModel.swift */; };
		2AC4B09C28E97AAF00CB9F4F /* CastModel.swift in Sources */ = {isa = PBXBuildFile; fileRef = 2AC4B09B28E97AAF00CB9F4F /* CastModel.swift */; };
		2AC4B09E28E97B0000CB9F4F /* DetailViewModel.swift in Sources */ = {isa = PBXBuildFile; fileRef = 2AC4B09D28E97B0000CB9F4F /* DetailViewModel.swift */; };
		2AC4B0A028E9AC0700CB9F4F /* SimilarMoviesMovies.swift in Sources */ = {isa = PBXBuildFile; fileRef = 2AC4B09F28E9AC0700CB9F4F /* SimilarMoviesMovies.swift */; };
		2AC4B0A228F17A6700CB9F4F /* VideosModel.swift in Sources */ = {isa = PBXBuildFile; fileRef = 2AC4B0A128F17A6600CB9F4F /* VideosModel.swift */; };
		2AC4B0A528F4A31100CB9F4F /* WatchListViewCell.swift in Sources */ = {isa = PBXBuildFile; fileRef = 2AC4B0A328F4A31100CB9F4F /* WatchListViewCell.swift */; };
		2AC4B0A628F4A31100CB9F4F /* WatchListViewCell.xib in Resources */ = {isa = PBXBuildFile; fileRef = 2AC4B0A428F4A31100CB9F4F /* WatchListViewCell.xib */; };
		2AC4B0B728F83DC700CB9F4F /* ActorsMoviesManager.swift in Sources */ = {isa = PBXBuildFile; fileRef = 2AC4B0B628F83DC700CB9F4F /* ActorsMoviesManager.swift */; };
		2AC4B0BD28F8402000CB9F4F /* ActorsMoviesController.swift in Sources */ = {isa = PBXBuildFile; fileRef = 2AC4B0BC28F8402000CB9F4F /* ActorsMoviesController.swift */; };
		2AC4B0C028F844B800CB9F4F /* ActorsMoviesCell.swift in Sources */ = {isa = PBXBuildFile; fileRef = 2AC4B0BE28F844B800CB9F4F /* ActorsMoviesCell.swift */; };
		2AC4B0C128F844B800CB9F4F /* ActorsMoviesCell.xib in Resources */ = {isa = PBXBuildFile; fileRef = 2AC4B0BF28F844B800CB9F4F /* ActorsMoviesCell.xib */; };
		2AC4B0C728F885AC00CB9F4F /* ActorMoviesModel.swift in Sources */ = {isa = PBXBuildFile; fileRef = 2AC4B0C628F885AB00CB9F4F /* ActorMoviesModel.swift */; };
		2AD905B028E46E8F0024376A /* CategoriesCell.swift in Sources */ = {isa = PBXBuildFile; fileRef = 2AD905AE28E46E8F0024376A /* CategoriesCell.swift */; };
		2AD905B128E46E8F0024376A /* CategoriesCell.xib in Resources */ = {isa = PBXBuildFile; fileRef = 2AD905AF28E46E8F0024376A /* CategoriesCell.xib */; };
		2AD905B328E5ADD00024376A /* UICollectionReusableView + Ext.swift in Sources */ = {isa = PBXBuildFile; fileRef = 2AD905B228E5ADD00024376A /* UICollectionReusableView + Ext.swift */; };
		8C77ECBD60B616AC6A9D5DE5 /* Pods_MovieRoomApp.framework in Frameworks */ = {isa = PBXBuildFile; fileRef = F29C4BADEA8DB0A3758776BA /* Pods_MovieRoomApp.framework */; };
/* End PBXBuildFile section */

/* Begin PBXFileReference section */
		2A0C753428DF3CAC00341121 /* MovieRoomApp.app */ = {isa = PBXFileReference; explicitFileType = wrapper.application; includeInIndex = 0; path = MovieRoomApp.app; sourceTree = BUILT_PRODUCTS_DIR; };
		2A0C753728DF3CAC00341121 /* AppDelegate.swift */ = {isa = PBXFileReference; lastKnownFileType = sourcecode.swift; path = AppDelegate.swift; sourceTree = "<group>"; };
		2A0C753928DF3CAC00341121 /* SceneDelegate.swift */ = {isa = PBXFileReference; lastKnownFileType = sourcecode.swift; path = SceneDelegate.swift; sourceTree = "<group>"; };
		2A0C753E28DF3CAC00341121 /* Base */ = {isa = PBXFileReference; lastKnownFileType = file.storyboard; name = Base; path = Base.lproj/Main.storyboard; sourceTree = "<group>"; };
		2A0C754028DF3CAD00341121 /* Assets.xcassets */ = {isa = PBXFileReference; lastKnownFileType = folder.assetcatalog; path = Assets.xcassets; sourceTree = "<group>"; };
		2A0C754328DF3CAD00341121 /* Base */ = {isa = PBXFileReference; lastKnownFileType = file.storyboard; name = Base; path = Base.lproj/LaunchScreen.storyboard; sourceTree = "<group>"; };
		2A0C754528DF3CAD00341121 /* Info.plist */ = {isa = PBXFileReference; lastKnownFileType = text.plist.xml; path = Info.plist; sourceTree = "<group>"; };
		2A0C754F28DF3DBE00341121 /* NetworkManager.swift */ = {isa = PBXFileReference; lastKnownFileType = sourcecode.swift; path = NetworkManager.swift; sourceTree = "<group>"; };
		2A0C755128DF3DC900341121 /* NetworkHelper.swift */ = {isa = PBXFileReference; lastKnownFileType = sourcecode.swift; path = NetworkHelper.swift; sourceTree = "<group>"; };
		2A0C755428DF3E4A00341121 /* UIViewController + Ext.swift */ = {isa = PBXFileReference; lastKnownFileType = sourcecode.swift; path = "UIViewController + Ext.swift"; sourceTree = "<group>"; };
		2A35654228E22650003AE759 /* SearchModel.swift */ = {isa = PBXFileReference; lastKnownFileType = sourcecode.swift; path = SearchModel.swift; sourceTree = "<group>"; };
		2A3F0B4328DF402E00947EE0 /* HomePageController.swift */ = {isa = PBXFileReference; lastKnownFileType = sourcecode.swift; path = HomePageController.swift; sourceTree = "<group>"; };
		2A3F0B4528DF409600947EE0 /* HomePageManager.swift */ = {isa = PBXFileReference; lastKnownFileType = sourcecode.swift; path = HomePageManager.swift; sourceTree = "<group>"; };
		2A3F0B4728DF412A00947EE0 /* Model.swift */ = {isa = PBXFileReference; lastKnownFileType = sourcecode.swift; path = Model.swift; sourceTree = "<group>"; };
		2A3F0B4F28DF49A600947EE0 /* MoviesCell.swift */ = {isa = PBXFileReference; lastKnownFileType = sourcecode.swift; path = MoviesCell.swift; sourceTree = "<group>"; };
		2A3F0B5028DF49A600947EE0 /* MoviesCell.xib */ = {isa = PBXFileReference; lastKnownFileType = file.xib; path = MoviesCell.xib; sourceTree = "<group>"; };
		2A3F0B5328DF4B7100947EE0 /* HeaderCollectionReusableView.swift */ = {isa = PBXFileReference; lastKnownFileType = sourcecode.swift; path = HeaderCollectionReusableView.swift; sourceTree = "<group>"; };
		2A3F0B5428DF4B7100947EE0 /* HeaderCollectionReusableView.xib */ = {isa = PBXFileReference; lastKnownFileType = file.xib; path = HeaderCollectionReusableView.xib; sourceTree = "<group>"; };
		2A8588D128E2163B0055708A /* SearchViewModel.swift */ = {isa = PBXFileReference; lastKnownFileType = sourcecode.swift; path = SearchViewModel.swift; sourceTree = "<group>"; };
		2AADE3BB28E0270000EAE4C5 /* HomePageViewModel.swift */ = {isa = PBXFileReference; lastKnownFileType = sourcecode.swift; path = HomePageViewModel.swift; sourceTree = "<group>"; };
		2AADE3E828E1E86900EAE4C5 /* SearchViewCell.swift */ = {isa = PBXFileReference; lastKnownFileType = sourcecode.swift; path = SearchViewCell.swift; sourceTree = "<group>"; };
		2AADE3E928E1E86900EAE4C5 /* SearchViewCell.xib */ = {isa = PBXFileReference; lastKnownFileType = file.xib; path = SearchViewCell.xib; sourceTree = "<group>"; };
		2AADE3EC28E20F7B00EAE4C5 /* SearchManager.swift */ = {isa = PBXFileReference; lastKnownFileType = sourcecode.swift; path = SearchManager.swift; sourceTree = "<group>"; };
		2AADE3EE28E2141D00EAE4C5 /* SearchController.swift */ = {isa = PBXFileReference; lastKnownFileType = sourcecode.swift; path = SearchController.swift; sourceTree = "<group>"; };
		2AC4B07128E5BA3A00CB9F4F /* WatchListController.swift */ = {isa = PBXFileReference; lastKnownFileType = sourcecode.swift; path = WatchListController.swift; sourceTree = "<group>"; };
		2AC4B07328E8307E00CB9F4F /* GenresModel.swift */ = {isa = PBXFileReference; lastKnownFileType = sourcecode.swift; path = GenresModel.swift; sourceTree = "<group>"; };
		2AC4B07C28E8901E00CB9F4F /* DetailsController.swift */ = {isa = PBXFileReference; lastKnownFileType = sourcecode.swift; path = DetailsController.swift; sourceTree = "<group>"; };
		2AC4B07F28E890AC00CB9F4F /* DetailHeaderCollectionReusableView.swift */ = {isa = PBXFileReference; lastKnownFileType = sourcecode.swift; path = DetailHeaderCollectionReusableView.swift; sourceTree = "<group>"; };
		2AC4B08028E890AC00CB9F4F /* DetailHeaderCollectionReusableView.xib */ = {isa = PBXFileReference; lastKnownFileType = file.xib; path = DetailHeaderCollectionReusableView.xib; sourceTree = "<group>"; };
		2AC4B08328E96B2F00CB9F4F /* CastCell.swift */ = {isa = PBXFileReference; lastKnownFileType = sourcecode.swift; path = CastCell.swift; sourceTree = "<group>"; };
		2AC4B08428E96B2F00CB9F4F /* CastCell.xib */ = {isa = PBXFileReference; lastKnownFileType = file.xib; path = CastCell.xib; sourceTree = "<group>"; };
		2AC4B08B28E9738800CB9F4F /* CastCollectionViewCell.swift */ = {isa = PBXFileReference; lastKnownFileType = sourcecode.swift; path = CastCollectionViewCell.swift; sourceTree = "<group>"; };
		2AC4B08C28E9738800CB9F4F /* CastCollectionViewCell.xib */ = {isa = PBXFileReference; lastKnownFileType = file.xib; path = CastCollectionViewCell.xib; sourceTree = "<group>"; };
		2AC4B09328E9747900CB9F4F /* GenresCell.swift */ = {isa = PBXFileReference; lastKnownFileType = sourcecode.swift; path = GenresCell.swift; sourceTree = "<group>"; };
		2AC4B09428E9747900CB9F4F /* GenresCell.xib */ = {isa = PBXFileReference; lastKnownFileType = file.xib; path = GenresCell.xib; sourceTree = "<group>"; };
		2AC4B09728E9775800CB9F4F /* DetailManager.swift */ = {isa = PBXFileReference; lastKnownFileType = sourcecode.swift; path = DetailManager.swift; sourceTree = "<group>"; };
		2AC4B09928E97A7800CB9F4F /* DetailModel.swift */ = {isa = PBXFileReference; lastKnownFileType = sourcecode.swift; path = DetailModel.swift; sourceTree = "<group>"; };
		2AC4B09B28E97AAF00CB9F4F /* CastModel.swift */ = {isa = PBXFileReference; lastKnownFileType = sourcecode.swift; path = CastModel.swift; sourceTree = "<group>"; };
		2AC4B09D28E97B0000CB9F4F /* DetailViewModel.swift */ = {isa = PBXFileReference; lastKnownFileType = sourcecode.swift; path = DetailViewModel.swift; sourceTree = "<group>"; };
		2AC4B09F28E9AC0700CB9F4F /* SimilarMoviesMovies.swift */ = {isa = PBXFileReference; lastKnownFileType = sourcecode.swift; path = SimilarMoviesMovies.swift; sourceTree = "<group>"; };
		2AC4B0A128F17A6600CB9F4F /* VideosModel.swift */ = {isa = PBXFileReference; lastKnownFileType = sourcecode.swift; path = VideosModel.swift; sourceTree = "<group>"; };
		2AC4B0A328F4A31100CB9F4F /* WatchListViewCell.swift */ = {isa = PBXFileReference; lastKnownFileType = sourcecode.swift; path = WatchListViewCell.swift; sourceTree = "<group>"; };
		2AC4B0A428F4A31100CB9F4F /* WatchListViewCell.xib */ = {isa = PBXFileReference; lastKnownFileType = file.xib; path = WatchListViewCell.xib; sourceTree = "<group>"; };
		2AC4B0B628F83DC700CB9F4F /* ActorsMoviesManager.swift */ = {isa = PBXFileReference; lastKnownFileType = sourcecode.swift; path = ActorsMoviesManager.swift; sourceTree = "<group>"; };
		2AC4B0BC28F8402000CB9F4F /* ActorsMoviesController.swift */ = {isa = PBXFileReference; lastKnownFileType = sourcecode.swift; path = ActorsMoviesController.swift; sourceTree = "<group>"; };
		2AC4B0BE28F844B800CB9F4F /* ActorsMoviesCell.swift */ = {isa = PBXFileReference; lastKnownFileType = sourcecode.swift; path = ActorsMoviesCell.swift; sourceTree = "<group>"; };
		2AC4B0BF28F844B800CB9F4F /* ActorsMoviesCell.xib */ = {isa = PBXFileReference; lastKnownFileType = file.xib; path = ActorsMoviesCell.xib; sourceTree = "<group>"; };
		2AC4B0C628F885AB00CB9F4F /* ActorMoviesModel.swift */ = {isa = PBXFileReference; lastKnownFileType = sourcecode.swift; path = ActorMoviesModel.swift; sourceTree = "<group>"; };
		2AD905AE28E46E8F0024376A /* CategoriesCell.swift */ = {isa = PBXFileReference; lastKnownFileType = sourcecode.swift; path = CategoriesCell.swift; sourceTree = "<group>"; };
		2AD905AF28E46E8F0024376A /* CategoriesCell.xib */ = {isa = PBXFileReference; lastKnownFileType = file.xib; path = CategoriesCell.xib; sourceTree = "<group>"; };
		2AD905B228E5ADD00024376A /* UICollectionReusableView + Ext.swift */ = {isa = PBXFileReference; lastKnownFileType = sourcecode.swift; path = "UICollectionReusableView + Ext.swift"; sourceTree = "<group>"; };
		5BD95BE7B8CD2A69DF497EB6 /* Pods-MovieRoomApp.debug.xcconfig */ = {isa = PBXFileReference; includeInIndex = 1; lastKnownFileType = text.xcconfig; name = "Pods-MovieRoomApp.debug.xcconfig"; path = "Target Support Files/Pods-MovieRoomApp/Pods-MovieRoomApp.debug.xcconfig"; sourceTree = "<group>"; };
		F29C4BADEA8DB0A3758776BA /* Pods_MovieRoomApp.framework */ = {isa = PBXFileReference; explicitFileType = wrapper.framework; includeInIndex = 0; path = Pods_MovieRoomApp.framework; sourceTree = BUILT_PRODUCTS_DIR; };
		FD521DAA41F70A13AE3B5259 /* Pods-MovieRoomApp.release.xcconfig */ = {isa = PBXFileReference; includeInIndex = 1; lastKnownFileType = text.xcconfig; name = "Pods-MovieRoomApp.release.xcconfig"; path = "Target Support Files/Pods-MovieRoomApp/Pods-MovieRoomApp.release.xcconfig"; sourceTree = "<group>"; };
/* End PBXFileReference section */

/* Begin PBXFrameworksBuildPhase section */
		2A0C753128DF3CAC00341121 /* Frameworks */ = {
			isa = PBXFrameworksBuildPhase;
			buildActionMask = 2147483647;
			files = (
				8C77ECBD60B616AC6A9D5DE5 /* Pods_MovieRoomApp.framework in Frameworks */,
			);
			runOnlyForDeploymentPostprocessing = 0;
		};
/* End PBXFrameworksBuildPhase section */

/* Begin PBXGroup section */
		1E92B7093BE66E9F8A392DFB /* Frameworks */ = {
			isa = PBXGroup;
			children = (
				F29C4BADEA8DB0A3758776BA /* Pods_MovieRoomApp.framework */,
			);
			name = Frameworks;
			sourceTree = "<group>";
		};
		2A0C752B28DF3CAC00341121 = {
			isa = PBXGroup;
			children = (
				2A0C753628DF3CAC00341121 /* MovieRoomApp */,
				2A0C753528DF3CAC00341121 /* Products */,
				93CD0D20C0FB5E45402C600B /* Pods */,
				1E92B7093BE66E9F8A392DFB /* Frameworks */,
			);
			sourceTree = "<group>";
		};
		2A0C753528DF3CAC00341121 /* Products */ = {
			isa = PBXGroup;
			children = (
				2A0C753428DF3CAC00341121 /* MovieRoomApp.app */,
			);
			name = Products;
			sourceTree = "<group>";
		};
		2A0C753628DF3CAC00341121 /* MovieRoomApp */ = {
			isa = PBXGroup;
			children = (
				2A0C753728DF3CAC00341121 /* AppDelegate.swift */,
				2A0C753928DF3CAC00341121 /* SceneDelegate.swift */,
				2A0C754B28DF3D7B00341121 /* NetworkLayer */,
				2A0C755328DF3E2F00341121 /* Helper */,
				2A0C755628DF3ED400341121 /* Scene */,
				2A0C753D28DF3CAC00341121 /* Main.storyboard */,
				2A0C754028DF3CAD00341121 /* Assets.xcassets */,
				2A0C754228DF3CAD00341121 /* LaunchScreen.storyboard */,
				2A0C754528DF3CAD00341121 /* Info.plist */,
			);
			path = MovieRoomApp;
			sourceTree = "<group>";
		};
		2A0C754B28DF3D7B00341121 /* NetworkLayer */ = {
			isa = PBXGroup;
			children = (
				2A0C754D28DF3D9400341121 /* Core */,
				2A0C754C28DF3D8D00341121 /* ManagerFiles */,
			);
			path = NetworkLayer;
			sourceTree = "<group>";
		};
		2A0C754C28DF3D8D00341121 /* ManagerFiles */ = {
			isa = PBXGroup;
			children = (
				2A3F0B4528DF409600947EE0 /* HomePageManager.swift */,
				2AADE3EC28E20F7B00EAE4C5 /* SearchManager.swift */,
				2AC4B09728E9775800CB9F4F /* DetailManager.swift */,
				2AC4B0B628F83DC700CB9F4F /* ActorsMoviesManager.swift */,
			);
			path = ManagerFiles;
			sourceTree = "<group>";
		};
		2A0C754D28DF3D9400341121 /* Core */ = {
			isa = PBXGroup;
			children = (
				2A0C754F28DF3DBE00341121 /* NetworkManager.swift */,
				2A0C755128DF3DC900341121 /* NetworkHelper.swift */,
			);
			path = Core;
			sourceTree = "<group>";
		};
		2A0C755328DF3E2F00341121 /* Helper */ = {
			isa = PBXGroup;
			children = (
				2A0C755428DF3E4A00341121 /* UIViewController + Ext.swift */,
				2AD905B228E5ADD00024376A /* UICollectionReusableView + Ext.swift */,
			);
			path = Helper;
			sourceTree = "<group>";
		};
		2A0C755628DF3ED400341121 /* Scene */ = {
			isa = PBXGroup;
			children = (
				2A0C755728DF3EDE00341121 /* Main */,
				2AADE3E028E1E81100EAE4C5 /* Search */,
				2AADE3E428E1E83700EAE4C5 /* WatchList */,
			);
			path = Scene;
			sourceTree = "<group>";
		};
		2A0C755728DF3EDE00341121 /* Main */ = {
			isa = PBXGroup;
			children = (
				2AC4B0B228F83D6000CB9F4F /* ActorsMovies */,
				2AC4B07628E88EFB00CB9F4F /* Detail */,
				2AC4B07528E88EEA00CB9F4F /* HomePage */,
			);
			path = Main;
			sourceTree = "<group>";
		};
		2A0C755828DF3EE600341121 /* View */ = {
			isa = PBXGroup;
			children = (
				2A3F0B4B28DF495C00947EE0 /* Controllers */,
				2A3F0B4C28DF496B00947EE0 /* Cell */,
			);
			path = View;
			sourceTree = "<group>";
		};
		2A0C755928DF3EED00341121 /* ViewModel */ = {
			isa = PBXGroup;
			children = (
				2AADE3BB28E0270000EAE4C5 /* HomePageViewModel.swift */,
			);
			path = ViewModel;
			sourceTree = "<group>";
		};
		2A0C755A28DF3EF300341121 /* Model */ = {
			isa = PBXGroup;
			children = (
				2AC4B07328E8307E00CB9F4F /* GenresModel.swift */,
				2A3F0B4728DF412A00947EE0 /* Model.swift */,
			);
			path = Model;
			sourceTree = "<group>";
		};
		2A35654E28E436A5003AE759 /* CollectionHeader */ = {
			isa = PBXGroup;
			children = (
				2A3F0B5328DF4B7100947EE0 /* HeaderCollectionReusableView.swift */,
				2A3F0B5428DF4B7100947EE0 /* HeaderCollectionReusableView.xib */,
			);
			path = CollectionHeader;
			sourceTree = "<group>";
		};
		2A3F0B4B28DF495C00947EE0 /* Controllers */ = {
			isa = PBXGroup;
			children = (
				2AC4B0A728F6B02800CB9F4F /* ActorMovies */,
				2A3F0B4328DF402E00947EE0 /* HomePageController.swift */,
				2A35654E28E436A5003AE759 /* CollectionHeader */,
			);
			path = Controllers;
			sourceTree = "<group>";
		};
		2A3F0B4C28DF496B00947EE0 /* Cell */ = {
			isa = PBXGroup;
			children = (
				2A3F0B4F28DF49A600947EE0 /* MoviesCell.swift */,
				2A3F0B5028DF49A600947EE0 /* MoviesCell.xib */,
				2AD905AE28E46E8F0024376A /* CategoriesCell.swift */,
				2AD905AF28E46E8F0024376A /* CategoriesCell.xib */,
			);
			path = Cell;
			sourceTree = "<group>";
		};
		2AADE3E028E1E81100EAE4C5 /* Search */ = {
			isa = PBXGroup;
			children = (
				2AADE3E328E1E82800EAE4C5 /* Model */,
				2AADE3E228E1E82400EAE4C5 /* View */,
				2AADE3E128E1E81D00EAE4C5 /* ViewModel */,
			);
			path = Search;
			sourceTree = "<group>";
		};
		2AADE3E128E1E81D00EAE4C5 /* ViewModel */ = {
			isa = PBXGroup;
			children = (
				2A8588D128E2163B0055708A /* SearchViewModel.swift */,
			);
			path = ViewModel;
			sourceTree = "<group>";
		};
		2AADE3E228E1E82400EAE4C5 /* View */ = {
			isa = PBXGroup;
			children = (
				2AADE3EE28E2141D00EAE4C5 /* SearchController.swift */,
				2AADE3E828E1E86900EAE4C5 /* SearchViewCell.swift */,
				2AADE3E928E1E86900EAE4C5 /* SearchViewCell.xib */,
			);
			path = View;
			sourceTree = "<group>";
		};
		2AADE3E328E1E82800EAE4C5 /* Model */ = {
			isa = PBXGroup;
			children = (
				2A35654228E22650003AE759 /* SearchModel.swift */,
			);
			path = Model;
			sourceTree = "<group>";
		};
		2AADE3E428E1E83700EAE4C5 /* WatchList */ = {
			isa = PBXGroup;
			children = (
				2AADE3E728E1E84B00EAE4C5 /* Model */,
				2AADE3E628E1E84B00EAE4C5 /* View */,
				2AADE3E528E1E84B00EAE4C5 /* ViewModel */,
			);
			path = WatchList;
			sourceTree = "<group>";
		};
		2AADE3E528E1E84B00EAE4C5 /* ViewModel */ = {
			isa = PBXGroup;
			children = (
			);
			path = ViewModel;
			sourceTree = "<group>";
		};
		2AADE3E628E1E84B00EAE4C5 /* View */ = {
			isa = PBXGroup;
			children = (
				2AD905B428E5B9EC0024376A /* Controllers */,
				2AD905B528E5B9F60024376A /* Cell */,
			);
			path = View;
			sourceTree = "<group>";
		};
		2AADE3E728E1E84B00EAE4C5 /* Model */ = {
			isa = PBXGroup;
			children = (
			);
			path = Model;
			sourceTree = "<group>";
		};
		2AC4B07528E88EEA00CB9F4F /* HomePage */ = {
			isa = PBXGroup;
			children = (
				2A0C755A28DF3EF300341121 /* Model */,
				2A0C755828DF3EE600341121 /* View */,
				2A0C755928DF3EED00341121 /* ViewModel */,
			);
			path = HomePage;
			sourceTree = "<group>";
		};
		2AC4B07628E88EFB00CB9F4F /* Detail */ = {
			isa = PBXGroup;
			children = (
				2AC4B07928E88F2000CB9F4F /* Model */,
				2AC4B07828E88F1A00CB9F4F /* View */,
				2AC4B07728E88F1200CB9F4F /* ViewModel */,
			);
			path = Detail;
			sourceTree = "<group>";
		};
		2AC4B07728E88F1200CB9F4F /* ViewModel */ = {
			isa = PBXGroup;
			children = (
				2AC4B09D28E97B0000CB9F4F /* DetailViewModel.swift */,
			);
			path = ViewModel;
			sourceTree = "<group>";
		};
		2AC4B07828E88F1A00CB9F4F /* View */ = {
			isa = PBXGroup;
			children = (
				2AC4B07B28E88F2E00CB9F4F /* Cell */,
				2AC4B07A28E88F2600CB9F4F /* Controller */,
			);
			path = View;
			sourceTree = "<group>";
		};
		2AC4B07928E88F2000CB9F4F /* Model */ = {
			isa = PBXGroup;
			children = (
				2AC4B09928E97A7800CB9F4F /* DetailModel.swift */,
				2AC4B09B28E97AAF00CB9F4F /* CastModel.swift */,
				2AC4B09F28E9AC0700CB9F4F /* SimilarMoviesMovies.swift */,
				2AC4B0A128F17A6600CB9F4F /* VideosModel.swift */,
			);
			path = Model;
			sourceTree = "<group>";
		};
		2AC4B07A28E88F2600CB9F4F /* Controller */ = {
			isa = PBXGroup;
			children = (
				2AC4B07C28E8901E00CB9F4F /* DetailsController.swift */,
				2AC4B07E28E8903200CB9F4F /* CollectionHeader */,
			);
			path = Controller;
			sourceTree = "<group>";
		};
		2AC4B07B28E88F2E00CB9F4F /* Cell */ = {
			isa = PBXGroup;
			children = (
				2AC4B08328E96B2F00CB9F4F /* CastCell.swift */,
				2AC4B08428E96B2F00CB9F4F /* CastCell.xib */,
				2AC4B08B28E9738800CB9F4F /* CastCollectionViewCell.swift */,
				2AC4B08C28E9738800CB9F4F /* CastCollectionViewCell.xib */,
				2AC4B09328E9747900CB9F4F /* GenresCell.swift */,
				2AC4B09428E9747900CB9F4F /* GenresCell.xib */,
			);
			path = Cell;
			sourceTree = "<group>";
		};
		2AC4B07E28E8903200CB9F4F /* CollectionHeader */ = {
			isa = PBXGroup;
			children = (
				2AC4B07F28E890AC00CB9F4F /* DetailHeaderCollectionReusableView.swift */,
				2AC4B08028E890AC00CB9F4F /* DetailHeaderCollectionReusableView.xib */,
			);
			path = CollectionHeader;
			sourceTree = "<group>";
		};
		2AC4B0A728F6B02800CB9F4F /* ActorMovies */ = {
			isa = PBXGroup;
			children = (
			);
			path = ActorMovies;
			sourceTree = "<group>";
		};
		2AC4B0B228F83D6000CB9F4F /* ActorsMovies */ = {
			isa = PBXGroup;
			children = (
				2AC4B0B528F83D8300CB9F4F /* Model */,
				2AC4B0B428F83D7F00CB9F4F /* View */,
				2AC4B0B328F83D6D00CB9F4F /* ViewModel */,
			);
			path = ActorsMovies;
			sourceTree = "<group>";
		};
		2AC4B0B328F83D6D00CB9F4F /* ViewModel */ = {
			isa = PBXGroup;
			children = (
			);
			path = ViewModel;
			sourceTree = "<group>";
		};
		2AC4B0B428F83D7F00CB9F4F /* View */ = {
			isa = PBXGroup;
			children = (
				2AC4B0BB28F83FCA00CB9F4F /* Controller */,
				2AC4B0BA28F83FC400CB9F4F /* Cell */,
			);
			path = View;
			sourceTree = "<group>";
		};
		2AC4B0B528F83D8300CB9F4F /* Model */ = {
			isa = PBXGroup;
			children = (
				2AC4B0C628F885AB00CB9F4F /* ActorMoviesModel.swift */,
			);
			path = Model;
			sourceTree = "<group>";
		};
		2AC4B0BA28F83FC400CB9F4F /* Cell */ = {
			isa = PBXGroup;
			children = (
				2AC4B0BE28F844B800CB9F4F /* ActorsMoviesCell.swift */,
				2AC4B0BF28F844B800CB9F4F /* ActorsMoviesCell.xib */,
			);
			path = Cell;
			sourceTree = "<group>";
		};
		2AC4B0BB28F83FCA00CB9F4F /* Controller */ = {
			isa = PBXGroup;
			children = (
				2AC4B0BC28F8402000CB9F4F /* ActorsMoviesController.swift */,
			);
			path = Controller;
			sourceTree = "<group>";
		};
		2AD905B428E5B9EC0024376A /* Controllers */ = {
			isa = PBXGroup;
			children = (
				2AC4B07128E5BA3A00CB9F4F /* WatchListController.swift */,
			);
			path = Controllers;
			sourceTree = "<group>";
		};
		2AD905B528E5B9F60024376A /* Cell */ = {
			isa = PBXGroup;
			children = (
				2AC4B0A328F4A31100CB9F4F /* WatchListViewCell.swift */,
				2AC4B0A428F4A31100CB9F4F /* WatchListViewCell.xib */,
			);
			path = Cell;
			sourceTree = "<group>";
		};
		93CD0D20C0FB5E45402C600B /* Pods */ = {
			isa = PBXGroup;
			children = (
				5BD95BE7B8CD2A69DF497EB6 /* Pods-MovieRoomApp.debug.xcconfig */,
				FD521DAA41F70A13AE3B5259 /* Pods-MovieRoomApp.release.xcconfig */,
			);
			path = Pods;
			sourceTree = "<group>";
		};
/* End PBXGroup section */

/* Begin PBXNativeTarget section */
		2A0C753328DF3CAC00341121 /* MovieRoomApp */ = {
			isa = PBXNativeTarget;
			buildConfigurationList = 2A0C754828DF3CAD00341121 /* Build configuration list for PBXNativeTarget "MovieRoomApp" */;
			buildPhases = (
				AC1A4F9C2BC42720F914F382 /* [CP] Check Pods Manifest.lock */,
				2A0C753028DF3CAC00341121 /* Sources */,
				2A0C753128DF3CAC00341121 /* Frameworks */,
				2A0C753228DF3CAC00341121 /* Resources */,
				F76F39CE34CC1C0E2CD83268 /* [CP] Embed Pods Frameworks */,
			);
			buildRules = (
			);
			dependencies = (
			);
			name = MovieRoomApp;
			productName = MovieRoomApp;
			productReference = 2A0C753428DF3CAC00341121 /* MovieRoomApp.app */;
			productType = "com.apple.product-type.application";
		};
/* End PBXNativeTarget section */

/* Begin PBXProject section */
		2A0C752C28DF3CAC00341121 /* Project object */ = {
			isa = PBXProject;
			attributes = {
				BuildIndependentTargetsInParallel = 1;
				LastSwiftUpdateCheck = 1340;
				LastUpgradeCheck = 1340;
				TargetAttributes = {
					2A0C753328DF3CAC00341121 = {
						CreatedOnToolsVersion = 13.4.1;
					};
				};
			};
			buildConfigurationList = 2A0C752F28DF3CAC00341121 /* Build configuration list for PBXProject "MovieRoomApp" */;
			compatibilityVersion = "Xcode 13.0";
			developmentRegion = en;
			hasScannedForEncodings = 0;
			knownRegions = (
				en,
				Base,
			);
			mainGroup = 2A0C752B28DF3CAC00341121;
			productRefGroup = 2A0C753528DF3CAC00341121 /* Products */;
			projectDirPath = "";
			projectRoot = "";
			targets = (
				2A0C753328DF3CAC00341121 /* MovieRoomApp */,
			);
		};
/* End PBXProject section */

/* Begin PBXResourcesBuildPhase section */
		2A0C753228DF3CAC00341121 /* Resources */ = {
			isa = PBXResourcesBuildPhase;
			buildActionMask = 2147483647;
			files = (
				2AD905B128E46E8F0024376A /* CategoriesCell.xib in Resources */,
				2AC4B08628E96B2F00CB9F4F /* CastCell.xib in Resources */,
				2A0C754428DF3CAD00341121 /* LaunchScreen.storyboard in Resources */,
				2A3F0B5628DF4B7100947EE0 /* HeaderCollectionReusableView.xib in Resources */,
				2AC4B0A628F4A31100CB9F4F /* WatchListViewCell.xib in Resources */,
				2A0C754128DF3CAD00341121 /* Assets.xcassets in Resources */,
				2AC4B08E28E9738800CB9F4F /* CastCollectionViewCell.xib in Resources */,
				2A3F0B5228DF49A600947EE0 /* MoviesCell.xib in Resources */,
				2AC4B09628E9747900CB9F4F /* GenresCell.xib in Resources */,
				2AC4B08228E890AC00CB9F4F /* DetailHeaderCollectionReusableView.xib in Resources */,
				2AC4B0C128F844B800CB9F4F /* ActorsMoviesCell.xib in Resources */,
				2AADE3EB28E1E86900EAE4C5 /* SearchViewCell.xib in Resources */,
				2A0C753F28DF3CAC00341121 /* Main.storyboard in Resources */,
			);
			runOnlyForDeploymentPostprocessing = 0;
		};
/* End PBXResourcesBuildPhase section */

/* Begin PBXShellScriptBuildPhase section */
		AC1A4F9C2BC42720F914F382 /* [CP] Check Pods Manifest.lock */ = {
			isa = PBXShellScriptBuildPhase;
			buildActionMask = 2147483647;
			files = (
			);
			inputFileListPaths = (
			);
			inputPaths = (
				"${PODS_PODFILE_DIR_PATH}/Podfile.lock",
				"${PODS_ROOT}/Manifest.lock",
			);
			name = "[CP] Check Pods Manifest.lock";
			outputFileListPaths = (
			);
			outputPaths = (
				"$(DERIVED_FILE_DIR)/Pods-MovieRoomApp-checkManifestLockResult.txt",
			);
			runOnlyForDeploymentPostprocessing = 0;
			shellPath = /bin/sh;
			shellScript = "diff \"${PODS_PODFILE_DIR_PATH}/Podfile.lock\" \"${PODS_ROOT}/Manifest.lock\" > /dev/null\nif [ $? != 0 ] ; then\n    # print error to STDERR\n    echo \"error: The sandbox is not in sync with the Podfile.lock. Run 'pod install' or update your CocoaPods installation.\" >&2\n    exit 1\nfi\n# This output is used by Xcode 'outputs' to avoid re-running this script phase.\necho \"SUCCESS\" > \"${SCRIPT_OUTPUT_FILE_0}\"\n";
			showEnvVarsInLog = 0;
		};
		F76F39CE34CC1C0E2CD83268 /* [CP] Embed Pods Frameworks */ = {
			isa = PBXShellScriptBuildPhase;
			buildActionMask = 2147483647;
			files = (
			);
			inputFileListPaths = (
				"${PODS_ROOT}/Target Support Files/Pods-MovieRoomApp/Pods-MovieRoomApp-frameworks-${CONFIGURATION}-input-files.xcfilelist",
			);
			name = "[CP] Embed Pods Frameworks";
			outputFileListPaths = (
				"${PODS_ROOT}/Target Support Files/Pods-MovieRoomApp/Pods-MovieRoomApp-frameworks-${CONFIGURATION}-output-files.xcfilelist",
			);
			runOnlyForDeploymentPostprocessing = 0;
			shellPath = /bin/sh;
			shellScript = "\"${PODS_ROOT}/Target Support Files/Pods-MovieRoomApp/Pods-MovieRoomApp-frameworks.sh\"\n";
			showEnvVarsInLog = 0;
		};
/* End PBXShellScriptBuildPhase section */

/* Begin PBXSourcesBuildPhase section */
		2A0C753028DF3CAC00341121 /* Sources */ = {
			isa = PBXSourcesBuildPhase;
			buildActionMask = 2147483647;
			files = (
				2AC4B0A528F4A31100CB9F4F /* WatchListViewCell.swift in Sources */,
				2AC4B09828E9775800CB9F4F /* DetailManager.swift in Sources */,
				2AC4B0C728F885AC00CB9F4F /* ActorMoviesModel.swift in Sources */,
				2AC4B0A028E9AC0700CB9F4F /* SimilarMoviesMovies.swift in Sources */,
				2AADE3EA28E1E86900EAE4C5 /* SearchViewCell.swift in Sources */,
				2A0C755228DF3DC900341121 /* NetworkHelper.swift in Sources */,
				2A3F0B5528DF4B7100947EE0 /* HeaderCollectionReusableView.swift in Sources */,
				2AC4B07228E5BA3A00CB9F4F /* WatchListController.swift in Sources */,
				2AC4B08528E96B2F00CB9F4F /* CastCell.swift in Sources */,
				2AC4B0A228F17A6700CB9F4F /* VideosModel.swift in Sources */,
				2A35654328E22650003AE759 /* SearchModel.swift in Sources */,
				2AC4B08128E890AC00CB9F4F /* DetailHeaderCollectionReusableView.swift in Sources */,
				2AADE3EF28E2141D00EAE4C5 /* SearchController.swift in Sources */,
				2A3F0B4628DF409600947EE0 /* HomePageManager.swift in Sources */,
				2AC4B08D28E9738800CB9F4F /* CastCollectionViewCell.swift in Sources */,
				2AC4B07D28E8901E00CB9F4F /* DetailsController.swift in Sources */,
				2A0C755028DF3DBE00341121 /* NetworkManager.swift in Sources */,
				2AC4B09E28E97B0000CB9F4F /* DetailViewModel.swift in Sources */,
				2AD905B028E46E8F0024376A /* CategoriesCell.swift in Sources */,
				2AC4B07428E8307E00CB9F4F /* GenresModel.swift in Sources */,
				2A8588D228E2163B0055708A /* SearchViewModel.swift in Sources */,
				2AC4B09A28E97A7800CB9F4F /* DetailModel.swift in Sources */,
				2A0C753828DF3CAC00341121 /* AppDelegate.swift in Sources */,
				2AC4B09528E9747900CB9F4F /* GenresCell.swift in Sources */,
				2A0C755528DF3E4A00341121 /* UIViewController + Ext.swift in Sources */,
				2A3F0B5128DF49A600947EE0 /* MoviesCell.swift in Sources */,
				2AC4B09C28E97AAF00CB9F4F /* CastModel.swift in Sources */,
				2A0C753A28DF3CAC00341121 /* SceneDelegate.swift in Sources */,
				2AC4B0C028F844B800CB9F4F /* ActorsMoviesCell.swift in Sources */,
				2AD905B328E5ADD00024376A /* UICollectionReusableView + Ext.swift in Sources */,
				2A3F0B4428DF402E00947EE0 /* HomePageController.swift in Sources */,
				2AC4B0B728F83DC700CB9F4F /* ActorsMoviesManager.swift in Sources */,
				2A3F0B4828DF412A00947EE0 /* Model.swift in Sources */,
				2AADE3ED28E20F7B00EAE4C5 /* SearchManager.swift in Sources */,
				2AC4B0BD28F8402000CB9F4F /* ActorsMoviesController.swift in Sources */,
				2AADE3BC28E0270000EAE4C5 /* HomePageViewModel.swift in Sources */,
			);
			runOnlyForDeploymentPostprocessing = 0;
		};
/* End PBXSourcesBuildPhase section */

/* Begin PBXVariantGroup section */
		2A0C753D28DF3CAC00341121 /* Main.storyboard */ = {
			isa = PBXVariantGroup;
			children = (
				2A0C753E28DF3CAC00341121 /* Base */,
			);
			name = Main.storyboard;
			sourceTree = "<group>";
		};
		2A0C754228DF3CAD00341121 /* LaunchScreen.storyboard */ = {
			isa = PBXVariantGroup;
			children = (
				2A0C754328DF3CAD00341121 /* Base */,
			);
			name = LaunchScreen.storyboard;
			sourceTree = "<group>";
		};
/* End PBXVariantGroup section */

/* Begin XCBuildConfiguration section */
		2A0C754628DF3CAD00341121 /* Debug */ = {
			isa = XCBuildConfiguration;
			buildSettings = {
				ALWAYS_SEARCH_USER_PATHS = NO;
				CLANG_ANALYZER_NONNULL = YES;
				CLANG_ANALYZER_NUMBER_OBJECT_CONVERSION = YES_AGGRESSIVE;
				CLANG_CXX_LANGUAGE_STANDARD = "gnu++17";
				CLANG_ENABLE_MODULES = YES;
				CLANG_ENABLE_OBJC_ARC = YES;
				CLANG_ENABLE_OBJC_WEAK = YES;
				CLANG_WARN_BLOCK_CAPTURE_AUTORELEASING = YES;
				CLANG_WARN_BOOL_CONVERSION = YES;
				CLANG_WARN_COMMA = YES;
				CLANG_WARN_CONSTANT_CONVERSION = YES;
				CLANG_WARN_DEPRECATED_OBJC_IMPLEMENTATIONS = YES;
				CLANG_WARN_DIRECT_OBJC_ISA_USAGE = YES_ERROR;
				CLANG_WARN_DOCUMENTATION_COMMENTS = YES;
				CLANG_WARN_EMPTY_BODY = YES;
				CLANG_WARN_ENUM_CONVERSION = YES;
				CLANG_WARN_INFINITE_RECURSION = YES;
				CLANG_WARN_INT_CONVERSION = YES;
				CLANG_WARN_NON_LITERAL_NULL_CONVERSION = YES;
				CLANG_WARN_OBJC_IMPLICIT_RETAIN_SELF = YES;
				CLANG_WARN_OBJC_LITERAL_CONVERSION = YES;
				CLANG_WARN_OBJC_ROOT_CLASS = YES_ERROR;
				CLANG_WARN_QUOTED_INCLUDE_IN_FRAMEWORK_HEADER = YES;
				CLANG_WARN_RANGE_LOOP_ANALYSIS = YES;
				CLANG_WARN_STRICT_PROTOTYPES = YES;
				CLANG_WARN_SUSPICIOUS_MOVE = YES;
				CLANG_WARN_UNGUARDED_AVAILABILITY = YES_AGGRESSIVE;
				CLANG_WARN_UNREACHABLE_CODE = YES;
				CLANG_WARN__DUPLICATE_METHOD_MATCH = YES;
				COPY_PHASE_STRIP = NO;
				DEBUG_INFORMATION_FORMAT = dwarf;
				ENABLE_STRICT_OBJC_MSGSEND = YES;
				ENABLE_TESTABILITY = YES;
				GCC_C_LANGUAGE_STANDARD = gnu11;
				GCC_DYNAMIC_NO_PIC = NO;
				GCC_NO_COMMON_BLOCKS = YES;
				GCC_OPTIMIZATION_LEVEL = 0;
				GCC_PREPROCESSOR_DEFINITIONS = (
					"DEBUG=1",
					"$(inherited)",
				);
				GCC_WARN_64_TO_32_BIT_CONVERSION = YES;
				GCC_WARN_ABOUT_RETURN_TYPE = YES_ERROR;
				GCC_WARN_UNDECLARED_SELECTOR = YES;
				GCC_WARN_UNINITIALIZED_AUTOS = YES_AGGRESSIVE;
				GCC_WARN_UNUSED_FUNCTION = YES;
				GCC_WARN_UNUSED_VARIABLE = YES;
				IPHONEOS_DEPLOYMENT_TARGET = 15.5;
				MTL_ENABLE_DEBUG_INFO = INCLUDE_SOURCE;
				MTL_FAST_MATH = YES;
				ONLY_ACTIVE_ARCH = YES;
				SDKROOT = iphoneos;
				SWIFT_ACTIVE_COMPILATION_CONDITIONS = DEBUG;
				SWIFT_OPTIMIZATION_LEVEL = "-Onone";
			};
			name = Debug;
		};
		2A0C754728DF3CAD00341121 /* Release */ = {
			isa = XCBuildConfiguration;
			buildSettings = {
				ALWAYS_SEARCH_USER_PATHS = NO;
				CLANG_ANALYZER_NONNULL = YES;
				CLANG_ANALYZER_NUMBER_OBJECT_CONVERSION = YES_AGGRESSIVE;
				CLANG_CXX_LANGUAGE_STANDARD = "gnu++17";
				CLANG_ENABLE_MODULES = YES;
				CLANG_ENABLE_OBJC_ARC = YES;
				CLANG_ENABLE_OBJC_WEAK = YES;
				CLANG_WARN_BLOCK_CAPTURE_AUTORELEASING = YES;
				CLANG_WARN_BOOL_CONVERSION = YES;
				CLANG_WARN_COMMA = YES;
				CLANG_WARN_CONSTANT_CONVERSION = YES;
				CLANG_WARN_DEPRECATED_OBJC_IMPLEMENTATIONS = YES;
				CLANG_WARN_DIRECT_OBJC_ISA_USAGE = YES_ERROR;
				CLANG_WARN_DOCUMENTATION_COMMENTS = YES;
				CLANG_WARN_EMPTY_BODY = YES;
				CLANG_WARN_ENUM_CONVERSION = YES;
				CLANG_WARN_INFINITE_RECURSION = YES;
				CLANG_WARN_INT_CONVERSION = YES;
				CLANG_WARN_NON_LITERAL_NULL_CONVERSION = YES;
				CLANG_WARN_OBJC_IMPLICIT_RETAIN_SELF = YES;
				CLANG_WARN_OBJC_LITERAL_CONVERSION = YES;
				CLANG_WARN_OBJC_ROOT_CLASS = YES_ERROR;
				CLANG_WARN_QUOTED_INCLUDE_IN_FRAMEWORK_HEADER = YES;
				CLANG_WARN_RANGE_LOOP_ANALYSIS = YES;
				CLANG_WARN_STRICT_PROTOTYPES = YES;
				CLANG_WARN_SUSPICIOUS_MOVE = YES;
				CLANG_WARN_UNGUARDED_AVAILABILITY = YES_AGGRESSIVE;
				CLANG_WARN_UNREACHABLE_CODE = YES;
				CLANG_WARN__DUPLICATE_METHOD_MATCH = YES;
				COPY_PHASE_STRIP = NO;
				DEBUG_INFORMATION_FORMAT = "dwarf-with-dsym";
				ENABLE_NS_ASSERTIONS = NO;
				ENABLE_STRICT_OBJC_MSGSEND = YES;
				GCC_C_LANGUAGE_STANDARD = gnu11;
				GCC_NO_COMMON_BLOCKS = YES;
				GCC_WARN_64_TO_32_BIT_CONVERSION = YES;
				GCC_WARN_ABOUT_RETURN_TYPE = YES_ERROR;
				GCC_WARN_UNDECLARED_SELECTOR = YES;
				GCC_WARN_UNINITIALIZED_AUTOS = YES_AGGRESSIVE;
				GCC_WARN_UNUSED_FUNCTION = YES;
				GCC_WARN_UNUSED_VARIABLE = YES;
				IPHONEOS_DEPLOYMENT_TARGET = 15.5;
				MTL_ENABLE_DEBUG_INFO = NO;
				MTL_FAST_MATH = YES;
				SDKROOT = iphoneos;
				SWIFT_COMPILATION_MODE = wholemodule;
				SWIFT_OPTIMIZATION_LEVEL = "-O";
				VALIDATE_PRODUCT = YES;
			};
			name = Release;
		};
		2A0C754928DF3CAD00341121 /* Debug */ = {
			isa = XCBuildConfiguration;
			baseConfigurationReference = 5BD95BE7B8CD2A69DF497EB6 /* Pods-MovieRoomApp.debug.xcconfig */;
			buildSettings = {
				ASSETCATALOG_COMPILER_APPICON_NAME = AppIcon;
				ASSETCATALOG_COMPILER_GLOBAL_ACCENT_COLOR_NAME = AccentColor;
				CODE_SIGN_STYLE = Automatic;
				CURRENT_PROJECT_VERSION = 1;
				DEVELOPMENT_TEAM = M95DBH5FSP;
				GENERATE_INFOPLIST_FILE = YES;
				INFOPLIST_FILE = MovieRoomApp/Info.plist;
				INFOPLIST_KEY_UIApplicationSupportsIndirectInputEvents = YES;
				INFOPLIST_KEY_UILaunchStoryboardName = LaunchScreen;
				INFOPLIST_KEY_UIMainStoryboardFile = Main;
				INFOPLIST_KEY_UISupportedInterfaceOrientations_iPad = "UIInterfaceOrientationPortrait UIInterfaceOrientationPortraitUpsideDown UIInterfaceOrientationLandscapeLeft UIInterfaceOrientationLandscapeRight";
				INFOPLIST_KEY_UISupportedInterfaceOrientations_iPhone = "UIInterfaceOrientationPortrait UIInterfaceOrientationLandscapeLeft UIInterfaceOrientationLandscapeRight";
				IPHONEOS_DEPLOYMENT_TARGET = 15.0;
				LD_RUNPATH_SEARCH_PATHS = (
					"$(inherited)",
					"@executable_path/Frameworks",
				);
				MARKETING_VERSION = 1.0;
				PRODUCT_BUNDLE_IDENTIFIER = Vasif.MovieRoomApp;
				PRODUCT_NAME = "$(TARGET_NAME)";
				SWIFT_EMIT_LOC_STRINGS = YES;
				SWIFT_VERSION = 5.0;
				TARGETED_DEVICE_FAMILY = 1;
			};
			name = Debug;
		};
		2A0C754A28DF3CAD00341121 /* Release */ = {
			isa = XCBuildConfiguration;
			baseConfigurationReference = FD521DAA41F70A13AE3B5259 /* Pods-MovieRoomApp.release.xcconfig */;
			buildSettings = {
				ASSETCATALOG_COMPILER_APPICON_NAME = AppIcon;
				ASSETCATALOG_COMPILER_GLOBAL_ACCENT_COLOR_NAME = AccentColor;
				CODE_SIGN_STYLE = Automatic;
				CURRENT_PROJECT_VERSION = 1;
				DEVELOPMENT_TEAM = M95DBH5FSP;
				GENERATE_INFOPLIST_FILE = YES;
				INFOPLIST_FILE = MovieRoomApp/Info.plist;
				INFOPLIST_KEY_UIApplicationSupportsIndirectInputEvents = YES;
				INFOPLIST_KEY_UILaunchStoryboardName = LaunchScreen;
				INFOPLIST_KEY_UIMainStoryboardFile = Main;
				INFOPLIST_KEY_UISupportedInterfaceOrientations_iPad = "UIInterfaceOrientationPortrait UIInterfaceOrientationPortraitUpsideDown UIInterfaceOrientationLandscapeLeft UIInterfaceOrientationLandscapeRight";
				INFOPLIST_KEY_UISupportedInterfaceOrientations_iPhone = "UIInterfaceOrientationPortrait UIInterfaceOrientationLandscapeLeft UIInterfaceOrientationLandscapeRight";
				IPHONEOS_DEPLOYMENT_TARGET = 15.0;
				LD_RUNPATH_SEARCH_PATHS = (
					"$(inherited)",
					"@executable_path/Frameworks",
				);
				MARKETING_VERSION = 1.0;
				PRODUCT_BUNDLE_IDENTIFIER = Vasif.MovieRoomApp;
				PRODUCT_NAME = "$(TARGET_NAME)";
				SWIFT_EMIT_LOC_STRINGS = YES;
				SWIFT_VERSION = 5.0;
				TARGETED_DEVICE_FAMILY = 1;
			};
			name = Release;
		};
/* End XCBuildConfiguration section */

/* Begin XCConfigurationList section */
		2A0C752F28DF3CAC00341121 /* Build configuration list for PBXProject "MovieRoomApp" */ = {
			isa = XCConfigurationList;
			buildConfigurations = (
				2A0C754628DF3CAD00341121 /* Debug */,
				2A0C754728DF3CAD00341121 /* Release */,
			);
			defaultConfigurationIsVisible = 0;
			defaultConfigurationName = Release;
		};
		2A0C754828DF3CAD00341121 /* Build configuration list for PBXNativeTarget "MovieRoomApp" */ = {
			isa = XCConfigurationList;
			buildConfigurations = (
				2A0C754928DF3CAD00341121 /* Debug */,
				2A0C754A28DF3CAD00341121 /* Release */,
			);
			defaultConfigurationIsVisible = 0;
			defaultConfigurationName = Release;
		};
/* End XCConfigurationList section */
	};
	rootObject = 2A0C752C28DF3CAC00341121 /* Project object */;
}
